
Microsoft Visual Studio Solution File, Format Version 12.00
Project("{FAE04EC0-301F-11D3-BF4B-00C04F79EFBC}") = "Gato", "Gato\Gato.csproj", "{6121D084-B40D-44D6-8F91-68D6FEA3CDAE}"
EndProject
Global
	GlobalSection(SolutionConfigurationPlatforms) = preSolution
		Debug|Any CPU = Debug|Any CPU
		Release|Any CPU = Release|Any CPU
	EndGlobalSection
	GlobalSection(ProjectConfigurationPlatforms) = postSolution
		{6121D084-B40D-44D6-8F91-68D6FEA3CDAE}.Debug|Any CPU.ActiveCfg = Debug|Any CPU
		{6121D084-B40D-44D6-8F91-68D6FEA3CDAE}.Debug|Any CPU.Build.0 = Debug|Any CPU
		{6121D084-B40D-44D6-8F91-68D6FEA3CDAE}.Release|Any CPU.ActiveCfg = Release|Any CPU
		{6121D084-B40D-44D6-8F91-68D6FEA3CDAE}.Release|Any CPU.Build.0 = Release|Any CPU
	EndGlobalSection
EndGlobal
